
Microsoft Visual Studio Solution File, Format Version 12.00
# Visual Studio Version 16
VisualStudioVersion = 16.0.32228.343
MinimumVisualStudioVersion = 10.0.40219.1
Project("{FAE04EC0-301F-11D3-BF4B-00C04F79EFBC}") = "CapaNegocio", "CapaNegocio\CapaNegocio.csproj", "{6945B883-E117-463C-8C28-3BA4F8CA749A}"
EndProject
Project("{FAE04EC0-301F-11D3-BF4B-00C04F79EFBC}") = "CapaPresentacion", "CapaPresentacion\CapaPresentacion.csproj", "{E64495AC-4A67-4FEF-AE7F-EA91D9760821}"
EndProject
Global
	GlobalSection(SolutionConfigurationPlatforms) = preSolution
		Debug|Any CPU = Debug|Any CPU
		Release|Any CPU = Release|Any CPU
	EndGlobalSection
	GlobalSection(ProjectConfigurationPlatforms) = postSolution
		{6945B883-E117-463C-8C28-3BA4F8CA749A}.Debug|Any CPU.ActiveCfg = Debug|Any CPU
		{6945B883-E117-463C-8C28-3BA4F8CA749A}.Debug|Any CPU.Build.0 = Debug|Any CPU
		{6945B883-E117-463C-8C28-3BA4F8CA749A}.Release|Any CPU.ActiveCfg = Release|Any CPU
		{6945B883-E117-463C-8C28-3BA4F8CA749A}.Release|Any CPU.Build.0 = Release|Any CPU
		{E64495AC-4A67-4FEF-AE7F-EA91D9760821}.Debug|Any CPU.ActiveCfg = Debug|Any CPU
		{E64495AC-4A67-4FEF-AE7F-EA91D9760821}.Debug|Any CPU.Build.0 = Debug|Any CPU
		{E64495AC-4A67-4FEF-AE7F-EA91D9760821}.Release|Any CPU.ActiveCfg = Release|Any CPU
		{E64495AC-4A67-4FEF-AE7F-EA91D9760821}.Release|Any CPU.Build.0 = Release|Any CPU
	EndGlobalSection
	GlobalSection(SolutionProperties) = preSolution
		HideSolutionNode = FALSE
	EndGlobalSection
	GlobalSection(ExtensibilityGlobals) = postSolution
		SolutionGuid = {AA247022-6D80-4D2B-AD7D-A0D0F847B7C2}
	EndGlobalSection
EndGlobal
